schema: '2.0'
stages:
  preprocess:
    cmd: python -m DLBDSMTP01.src.preprocess DLBDSMTP01/data/external/modified_fraud_data.csv
      - DLBDSMTP01/src/preprocess.py - DLBDSMTP01/data/external/modified_fraud_data.csv
    outs:
    - path: DLBDSMTP01/data/processed/processed_cash_in_data.csv
      hash: md5
      md5: f7121d3124d74b7d3d946776f97a3495
      size: 5324784
    - path: DLBDSMTP01/data/processed/processed_cash_out_data.csv
      hash: md5
      md5: cdfd631e0816e03d94301162a9e7e3a9
      size: 7165359
    - path: DLBDSMTP01/data/processed/processed_debit_data.csv
      hash: md5
      md5: 03fe79e696ced9ee0970de3d54921244
      size: 150753
    - path: DLBDSMTP01/data/processed/processed_payment_data.csv
      hash: md5
      md5: 5abdf385a6f5a7c70500cb3715ea65b9
      size: 5414070
    - path: DLBDSMTP01/data/processed/processed_transfer_data.csv
      hash: md5
      md5: 36abb5cd6bc9d18b48d5037a167bcd0c
      size: 1650069
  analyze_processed_cash_out:
    cmd: python DLBDSMTP01/src/analyze_processed.py DLBDSMTP01/data/processed/processed_cash_out_data.csv
    deps:
    - path: DLBDSMTP01/data/processed/processed_cash_out_data.csv
      hash: md5
      md5: cdfd631e0816e03d94301162a9e7e3a9
      size: 7165359
    - path: DLBDSMTP01/src/analyze_processed.py
      hash: md5
      md5: f59c2d9abdfbcdf4e718ac4c2cc5757b
      size: 2306
    outs:
    - path: plots/cash_pca.png
      hash: md5
      md5: 8ff3b9095db68f348af8bfaf9625f990
      size: 50482
  analyze_processed_transfer:
    cmd: python DLBDSMTP01/src/analyze_processed.py DLBDSMTP01/data/processed/processed_transfer_data.csv
    deps:
    - path: DLBDSMTP01/data/processed/processed_transfer_data.csv
      hash: md5
      md5: 36abb5cd6bc9d18b48d5037a167bcd0c
      size: 1650069
    - path: DLBDSMTP01/src/analyze_processed.py
      hash: md5
      md5: f59c2d9abdfbcdf4e718ac4c2cc5757b
      size: 2306
    outs:
    - path: plots/transfer_pca.png
      hash: md5
      md5: 6ddbcae4168eec611d29316d04cd7d3d
      size: 35874
  train_cash_out:
    cmd: python DLBDSMTP01/src/train_model.py --data_filename DLBDSMTP01/data/processed/processed_cash_out_data.csv
    deps:
    - path: DLBDSMTP01/data/processed/processed_cash_out_data.csv
      hash: md5
      md5: cdfd631e0816e03d94301162a9e7e3a9
      size: 7165359
    - path: DLBDSMTP01/src/train_model.py
      hash: md5
      md5: c643a92d240e451d97f79df4fd7729fe
      size: 6379
    params:
      params.yaml:
        train.max_iters: 500
    outs:
    - path: metrics/train_metrics_processed_cash_out_data.json
      hash: md5
      md5: ce2b675a1ea871f2c0012ed4a2a88a53
      size: 110
    - path: models/best_lr_processed_cash_out_data.pkl
      hash: md5
      md5: 934868c0ffe7262b1b82bb8d2f32bb24
      size: 791
  train_transfer:
    cmd: python DLBDSMTP01/src/train_model.py --data_filename DLBDSMTP01/data/processed/processed_transfer_data.csv
    deps:
    - path: DLBDSMTP01/data/processed/processed_transfer_data.csv
      hash: md5
      md5: 36abb5cd6bc9d18b48d5037a167bcd0c
      size: 1650069
    - path: DLBDSMTP01/src/train_model.py
      hash: md5
      md5: c643a92d240e451d97f79df4fd7729fe
      size: 6379
    params:
      params.yaml:
        train.max_iters: 500
    outs:
    - path: metrics/train_metrics_processed_transfer_data.json
      hash: md5
      md5: 148f13293413d6fb1a3ac211fb9fd998
      size: 109
    - path: models/best_lr_processed_transfer_data.pkl
      hash: md5
      md5: 5d8399d216ca507fcce9abd77da77081
      size: 791
  select_best_model_cash_out:
    cmd: python DLBDSMTP01/src/production_model_selection.py --experiment_name FraudDetectionModel
      --metric_name val_f1_score --registered_model_name BestLRModel_processed_cash_out_data
      --local_model_path models/final_best_lr_processed_cash_out_data.pkl
    deps:
    - path: DLBDSMTP01/src/production_model_selection.py
      hash: md5
      md5: e74cb0d06838cc11cd6113c55d82267a
      size: 3190
    - path: metrics/train_metrics_processed_cash_out_data.json
      hash: md5
      md5: ce2b675a1ea871f2c0012ed4a2a88a53
      size: 110
    outs:
    - path: models/final_best_lr_processed_cash_out_data.pkl
      hash: md5
      md5: 9005e8e6a4c571b8e49a2aefe453fcfc
      size: 1752
  select_best_model_transfer:
    cmd: python DLBDSMTP01/src/production_model_selection.py --experiment_name FraudDetectionModel
      --metric_name val_f1_score --registered_model_name BestLRModel_processed_transfer_data
      --local_model_path models/final_best_lr_processed_transfer_data.pkl
    deps:
    - path: DLBDSMTP01/src/production_model_selection.py
      hash: md5
      md5: e74cb0d06838cc11cd6113c55d82267a
      size: 3190
    - path: metrics/train_metrics_processed_transfer_data.json
      hash: md5
      md5: 148f13293413d6fb1a3ac211fb9fd998
      size: 109
    outs:
    - path: models/final_best_lr_processed_transfer_data.pkl
      hash: md5
      md5: 9005e8e6a4c571b8e49a2aefe453fcfc
      size: 1752
